// !$*UTF8*$!
{
	archiveVersion = 1;
	classes = {
	};
	objectVersion = 55;
	objects = {

/* Begin PBXBuildFile section */
		346E36012875F86C0002EF81 /* PokedexApp.swift in Sources */ = {isa = PBXBuildFile; fileRef = 346E36002875F86C0002EF81 /* PokedexApp.swift */; };
		346E36032875F86C0002EF81 /* ContentView.swift in Sources */ = {isa = PBXBuildFile; fileRef = 346E36022875F86C0002EF81 /* ContentView.swift */; };
		346E36052875F8700002EF81 /* Assets.xcassets in Resources */ = {isa = PBXBuildFile; fileRef = 346E36042875F8700002EF81 /* Assets.xcassets */; };
		346E36082875F8700002EF81 /* Preview Assets.xcassets in Resources */ = {isa = PBXBuildFile; fileRef = 346E36072875F8700002EF81 /* Preview Assets.xcassets */; };
		346E36122875F8710002EF81 /* PokedexTests.swift in Sources */ = {isa = PBXBuildFile; fileRef = 346E36112875F8710002EF81 /* PokedexTests.swift */; };
		346E361C2875F8710002EF81 /* PokedexUITests.swift in Sources */ = {isa = PBXBuildFile; fileRef = 346E361B2875F8710002EF81 /* PokedexUITests.swift */; };
		346E361E2875F8710002EF81 /* PokedexUITestsLaunchTests.swift in Sources */ = {isa = PBXBuildFile; fileRef = 346E361D2875F8710002EF81 /* PokedexUITestsLaunchTests.swift */; };
		346E363028760C0F0002EF81 /* PokemonGb-RAeo.ttf in Resources */ = {isa = PBXBuildFile; fileRef = 346E362F28760C0F0002EF81 /* PokemonGb-RAeo.ttf */; };
		346E363228760F460002EF81 /* HeaderView.swift in Sources */ = {isa = PBXBuildFile; fileRef = 346E363128760F460002EF81 /* HeaderView.swift */; };
		346E363428773E880002EF81 /* SplashScreen.swift in Sources */ = {isa = PBXBuildFile; fileRef = 346E363328773E880002EF81 /* SplashScreen.swift */; };
		3498B8B4287895D40035FFB2 /* DataManager.swift in Sources */ = {isa = PBXBuildFile; fileRef = 3498B8B3287895D40035FFB2 /* DataManager.swift */; };
		3498B8B72878A2850035FFB2 /* PokemonList.swift in Sources */ = {isa = PBXBuildFile; fileRef = 3498B8B62878A2850035FFB2 /* PokemonList.swift */; };
/* End PBXBuildFile section */

/* Begin PBXContainerItemProxy section */
		346E360E2875F8710002EF81 /* PBXContainerItemProxy */ = {
			isa = PBXContainerItemProxy;
			containerPortal = 346E35F52875F86C0002EF81 /* Project object */;
			proxyType = 1;
			remoteGlobalIDString = 346E35FC2875F86C0002EF81;
			remoteInfo = Pokedex;
		};
		346E36182875F8710002EF81 /* PBXContainerItemProxy */ = {
			isa = PBXContainerItemProxy;
			containerPortal = 346E35F52875F86C0002EF81 /* Project object */;
			proxyType = 1;
			remoteGlobalIDString = 346E35FC2875F86C0002EF81;
			remoteInfo = Pokedex;
		};
/* End PBXContainerItemProxy section */

/* Begin PBXFileReference section */
		346E35FD2875F86C0002EF81 /* Pokedex.app */ = {isa = PBXFileReference; explicitFileType = wrapper.application; includeInIndex = 0; path = Pokedex.app; sourceTree = BUILT_PRODUCTS_DIR; };
		346E36002875F86C0002EF81 /* PokedexApp.swift */ = {isa = PBXFileReference; lastKnownFileType = sourcecode.swift; path = PokedexApp.swift; sourceTree = "<group>"; };
		346E36022875F86C0002EF81 /* ContentView.swift */ = {isa = PBXFileReference; lastKnownFileType = sourcecode.swift; path = ContentView.swift; sourceTree = "<group>"; };
		346E36042875F8700002EF81 /* Assets.xcassets */ = {isa = PBXFileReference; lastKnownFileType = folder.assetcatalog; path = Assets.xcassets; sourceTree = "<group>"; };
		346E36072875F8700002EF81 /* Preview Assets.xcassets */ = {isa = PBXFileReference; lastKnownFileType = folder.assetcatalog; path = "Preview Assets.xcassets"; sourceTree = "<group>"; };
		346E360D2875F8710002EF81 /* PokedexTests.xctest */ = {isa = PBXFileReference; explicitFileType = wrapper.cfbundle; includeInIndex = 0; path = PokedexTests.xctest; sourceTree = BUILT_PRODUCTS_DIR; };
		346E36112875F8710002EF81 /* PokedexTests.swift */ = {isa = PBXFileReference; lastKnownFileType = sourcecode.swift; path = PokedexTests.swift; sourceTree = "<group>"; };
		346E36172875F8710002EF81 /* PokedexUITests.xctest */ = {isa = PBXFileReference; explicitFileType = wrapper.cfbundle; includeInIndex = 0; path = PokedexUITests.xctest; sourceTree = BUILT_PRODUCTS_DIR; };
		346E361B2875F8710002EF81 /* PokedexUITests.swift */ = {isa = PBXFileReference; lastKnownFileType = sourcecode.swift; path = PokedexUITests.swift; sourceTree = "<group>"; };
		346E361D2875F8710002EF81 /* PokedexUITestsLaunchTests.swift */ = {isa = PBXFileReference; lastKnownFileType = sourcecode.swift; path = PokedexUITestsLaunchTests.swift; sourceTree = "<group>"; };
		346E362A2875F8930002EF81 /* README.md */ = {isa = PBXFileReference; lastKnownFileType = net.daringfireball.markdown; path = README.md; sourceTree = "<group>"; };
		346E362E2876091E0002EF81 /* Info.plist */ = {isa = PBXFileReference; lastKnownFileType = text.plist; path = Info.plist; sourceTree = "<group>"; };
		346E362F28760C0F0002EF81 /* PokemonGb-RAeo.ttf */ = {isa = PBXFileReference; lastKnownFileType = file; path = "PokemonGb-RAeo.ttf"; sourceTree = "<group>"; };
		346E363128760F460002EF81 /* HeaderView.swift */ = {isa = PBXFileReference; lastKnownFileType = sourcecode.swift; path = HeaderView.swift; sourceTree = "<group>"; };
		346E363328773E880002EF81 /* SplashScreen.swift */ = {isa = PBXFileReference; lastKnownFileType = sourcecode.swift; path = SplashScreen.swift; sourceTree = "<group>"; };
		3498B8B3287895D40035FFB2 /* DataManager.swift */ = {isa = PBXFileReference; lastKnownFileType = sourcecode.swift; path = DataManager.swift; sourceTree = "<group>"; };
		3498B8B62878A2850035FFB2 /* PokemonList.swift */ = {isa = PBXFileReference; lastKnownFileType = sourcecode.swift; path = PokemonList.swift; sourceTree = "<group>"; };
/* End PBXFileReference section */

/* Begin PBXFrameworksBuildPhase section */
		346E35FA2875F86C0002EF81 /* Frameworks */ = {
			isa = PBXFrameworksBuildPhase;
			buildActionMask = 2147483647;
			files = (
			);
			runOnlyForDeploymentPostprocessing = 0;
		};
		346E360A2875F8710002EF81 /* Frameworks */ = {
			isa = PBXFrameworksBuildPhase;
			buildActionMask = 2147483647;
			files = (
			);
			runOnlyForDeploymentPostprocessing = 0;
		};
		346E36142875F8710002EF81 /* Frameworks */ = {
			isa = PBXFrameworksBuildPhase;
			buildActionMask = 2147483647;
			files = (
			);
			runOnlyForDeploymentPostprocessing = 0;
		};
/* End PBXFrameworksBuildPhase section */

/* Begin PBXGroup section */
		346E35F42875F86C0002EF81 = {
			isa = PBXGroup;
			children = (
				346E362B287608830002EF81 /* Font */,
				346E362A2875F8930002EF81 /* README.md */,
				346E35FF2875F86C0002EF81 /* Pokedex */,
				346E36102875F8710002EF81 /* PokedexTests */,
				346E361A2875F8710002EF81 /* PokedexUITests */,
				346E35FE2875F86C0002EF81 /* Products */,
			);
			sourceTree = "<group>";
		};
		346E35FE2875F86C0002EF81 /* Products */ = {
			isa = PBXGroup;
			children = (
				346E35FD2875F86C0002EF81 /* Pokedex.app */,
				346E360D2875F8710002EF81 /* PokedexTests.xctest */,
				346E36172875F8710002EF81 /* PokedexUITests.xctest */,
			);
			name = Products;
			sourceTree = "<group>";
		};
		346E35FF2875F86C0002EF81 /* Pokedex */ = {
			isa = PBXGroup;
			children = (
				346E362E2876091E0002EF81 /* Info.plist */,
				346E36002875F86C0002EF81 /* PokedexApp.swift */,
				3498B8B1287895AB0035FFB2 /* Views */,
				3498B8B52878A25F0035FFB2 /* Models */,
				3498B8B2287895B40035FFB2 /* Utilities */,
				346E36042875F8700002EF81 /* Assets.xcassets */,
				346E36062875F8700002EF81 /* Preview Content */,
			);
			path = Pokedex;
			sourceTree = "<group>";
		};
		346E36062875F8700002EF81 /* Preview Content */ = {
			isa = PBXGroup;
			children = (
				346E36072875F8700002EF81 /* Preview Assets.xcassets */,
			);
			path = "Preview Content";
			sourceTree = "<group>";
		};
		346E36102875F8710002EF81 /* PokedexTests */ = {
			isa = PBXGroup;
			children = (
				346E36112875F8710002EF81 /* PokedexTests.swift */,
			);
			path = PokedexTests;
			sourceTree = "<group>";
		};
		346E361A2875F8710002EF81 /* PokedexUITests */ = {
			isa = PBXGroup;
			children = (
				346E361B2875F8710002EF81 /* PokedexUITests.swift */,
				346E361D2875F8710002EF81 /* PokedexUITestsLaunchTests.swift */,
			);
			path = PokedexUITests;
			sourceTree = "<group>";
		};
		346E362B287608830002EF81 /* Font */ = {
			isa = PBXGroup;
			children = (
				346E362F28760C0F0002EF81 /* PokemonGb-RAeo.ttf */,
			);
			path = Font;
			sourceTree = "<group>";
		};
		3498B8B1287895AB0035FFB2 /* Views */ = {
			isa = PBXGroup;
			children = (
				346E36022875F86C0002EF81 /* ContentView.swift */,
				346E363328773E880002EF81 /* SplashScreen.swift */,
				346E363128760F460002EF81 /* HeaderView.swift */,
			);
			path = Views;
			sourceTree = "<group>";
		};
		3498B8B2287895B40035FFB2 /* Utilities */ = {
			isa = PBXGroup;
			children = (
				3498B8B3287895D40035FFB2 /* DataManager.swift */,
			);
			path = Utilities;
			sourceTree = "<group>";
		};
		3498B8B52878A25F0035FFB2 /* Models */ = {
			isa = PBXGroup;
			children = (
				3498B8B62878A2850035FFB2 /* PokemonList.swift */,
			);
			path = Models;
			sourceTree = "<group>";
		};
/* End PBXGroup section */

/* Begin PBXNativeTarget section */
		346E35FC2875F86C0002EF81 /* Pokedex */ = {
			isa = PBXNativeTarget;
			buildConfigurationList = 346E36212875F8710002EF81 /* Build configuration list for PBXNativeTarget "Pokedex" */;
			buildPhases = (
				346E35F92875F86C0002EF81 /* Sources */,
				346E35FA2875F86C0002EF81 /* Frameworks */,
				346E35FB2875F86C0002EF81 /* Resources */,
			);
			buildRules = (
			);
			dependencies = (
			);
			name = Pokedex;
			productName = Pokedex;
			productReference = 346E35FD2875F86C0002EF81 /* Pokedex.app */;
			productType = "com.apple.product-type.application";
		};
		346E360C2875F8710002EF81 /* PokedexTests */ = {
			isa = PBXNativeTarget;
			buildConfigurationList = 346E36242875F8710002EF81 /* Build configuration list for PBXNativeTarget "PokedexTests" */;
			buildPhases = (
				346E36092875F8710002EF81 /* Sources */,
				346E360A2875F8710002EF81 /* Frameworks */,
				346E360B2875F8710002EF81 /* Resources */,
			);
			buildRules = (
			);
			dependencies = (
				346E360F2875F8710002EF81 /* PBXTargetDependency */,
			);
			name = PokedexTests;
			productName = PokedexTests;
			productReference = 346E360D2875F8710002EF81 /* PokedexTests.xctest */;
			productType = "com.apple.product-type.bundle.unit-test";
		};
		346E36162875F8710002EF81 /* PokedexUITests */ = {
			isa = PBXNativeTarget;
			buildConfigurationList = 346E36272875F8710002EF81 /* Build configuration list for PBXNativeTarget "PokedexUITests" */;
			buildPhases = (
				346E36132875F8710002EF81 /* Sources */,
				346E36142875F8710002EF81 /* Frameworks */,
				346E36152875F8710002EF81 /* Resources */,
			);
			buildRules = (
			);
			dependencies = (
				346E36192875F8710002EF81 /* PBXTargetDependency */,
			);
			name = PokedexUITests;
			productName = PokedexUITests;
			productReference = 346E36172875F8710002EF81 /* PokedexUITests.xctest */;
			productType = "com.apple.product-type.bundle.ui-testing";
		};
/* End PBXNativeTarget section */

/* Begin PBXProject section */
		346E35F52875F86C0002EF81 /* Project object */ = {
			isa = PBXProject;
			attributes = {
				BuildIndependentTargetsInParallel = 1;
				LastSwiftUpdateCheck = 1340;
				LastUpgradeCheck = 1340;
				TargetAttributes = {
					346E35FC2875F86C0002EF81 = {
						CreatedOnToolsVersion = 13.4.1;
					};
					346E360C2875F8710002EF81 = {
						CreatedOnToolsVersion = 13.4.1;
						TestTargetID = 346E35FC2875F86C0002EF81;
					};
					346E36162875F8710002EF81 = {
						CreatedOnToolsVersion = 13.4.1;
						TestTargetID = 346E35FC2875F86C0002EF81;
					};
				};
			};
			buildConfigurationList = 346E35F82875F86C0002EF81 /* Build configuration list for PBXProject "Pokedex" */;
			compatibilityVersion = "Xcode 13.0";
			developmentRegion = en;
			hasScannedForEncodings = 0;
			knownRegions = (
				en,
				Base,
			);
			mainGroup = 346E35F42875F86C0002EF81;
			productRefGroup = 346E35FE2875F86C0002EF81 /* Products */;
			projectDirPath = "";
			projectRoot = "";
			targets = (
				346E35FC2875F86C0002EF81 /* Pokedex */,
				346E360C2875F8710002EF81 /* PokedexTests */,
				346E36162875F8710002EF81 /* PokedexUITests */,
			);
		};
/* End PBXProject section */

/* Begin PBXResourcesBuildPhase section */
		346E35FB2875F86C0002EF81 /* Resources */ = {
			isa = PBXResourcesBuildPhase;
			buildActionMask = 2147483647;
			files = (
				346E363028760C0F0002EF81 /* PokemonGb-RAeo.ttf in Resources */,
				346E36082875F8700002EF81 /* Preview Assets.xcassets in Resources */,
				346E36052875F8700002EF81 /* Assets.xcassets in Resources */,
			);
			runOnlyForDeploymentPostprocessing = 0;
		};
		346E360B2875F8710002EF81 /* Resources */ = {
			isa = PBXResourcesBuildPhase;
			buildActionMask = 2147483647;
			files = (
			);
			runOnlyForDeploymentPostprocessing = 0;
		};
		346E36152875F8710002EF81 /* Resources */ = {
			isa = PBXResourcesBuildPhase;
			buildActionMask = 2147483647;
			files = (
			);
			runOnlyForDeploymentPostprocessing = 0;
		};
/* End PBXResourcesBuildPhase section */

/* Begin PBXSourcesBuildPhase section */
		346E35F92875F86C0002EF81 /* Sources */ = {
			isa = PBXSourcesBuildPhase;
			buildActionMask = 2147483647;
			files = (
				346E363428773E880002EF81 /* SplashScreen.swift in Sources */,
				3498B8B4287895D40035FFB2 /* DataManager.swift in Sources */,
				346E36032875F86C0002EF81 /* ContentView.swift in Sources */,
				346E363228760F460002EF81 /* HeaderView.swift in Sources */,
				346E36012875F86C0002EF81 /* PokedexApp.swift in Sources */,
				3498B8B72878A2850035FFB2 /* PokemonList.swift in Sources */,
			);
			runOnlyForDeploymentPostprocessing = 0;
		};
		346E36092875F8710002EF81 /* Sources */ = {
			isa = PBXSourcesBuildPhase;
			buildActionMask = 2147483647;
			files = (
				346E36122875F8710002EF81 /* PokedexTests.swift in Sources */,
			);
			runOnlyForDeploymentPostprocessing = 0;
		};
		346E36132875F8710002EF81 /* Sources */ = {
			isa = PBXSourcesBuildPhase;
			buildActionMask = 2147483647;
			files = (
				346E361C2875F8710002EF81 /* PokedexUITests.swift in Sources */,
				346E361E2875F8710002EF81 /* PokedexUITestsLaunchTests.swift in Sources */,
			);
			runOnlyForDeploymentPostprocessing = 0;
		};
/* End PBXSourcesBuildPhase section */

/* Begin PBXTargetDependency section */
		346E360F2875F8710002EF81 /* PBXTargetDependency */ = {
			isa = PBXTargetDependency;
			target = 346E35FC2875F86C0002EF81 /* Pokedex */;
			targetProxy = 346E360E2875F8710002EF81 /* PBXContainerItemProxy */;
		};
		346E36192875F8710002EF81 /* PBXTargetDependency */ = {
			isa = PBXTargetDependency;
			target = 346E35FC2875F86C0002EF81 /* Pokedex */;
			targetProxy = 346E36182875F8710002EF81 /* PBXContainerItemProxy */;
		};
/* End PBXTargetDependency section */

/* Begin XCBuildConfiguration section */
		346E361F2875F8710002EF81 /* Debug */ = {
			isa = XCBuildConfiguration;
			buildSettings = {
				ALWAYS_SEARCH_USER_PATHS = NO;
				CLANG_ANALYZER_NONNULL = YES;
				CLANG_ANALYZER_NUMBER_OBJECT_CONVERSION = YES_AGGRESSIVE;
				CLANG_CXX_LANGUAGE_STANDARD = "gnu++17";
				CLANG_ENABLE_MODULES = YES;
				CLANG_ENABLE_OBJC_ARC = YES;
				CLANG_ENABLE_OBJC_WEAK = YES;
				CLANG_WARN_BLOCK_CAPTURE_AUTORELEASING = YES;
				CLANG_WARN_BOOL_CONVERSION = YES;
				CLANG_WARN_COMMA = YES;
				CLANG_WARN_CONSTANT_CONVERSION = YES;
				CLANG_WARN_DEPRECATED_OBJC_IMPLEMENTATIONS = YES;
				CLANG_WARN_DIRECT_OBJC_ISA_USAGE = YES_ERROR;
				CLANG_WARN_DOCUMENTATION_COMMENTS = YES;
				CLANG_WARN_EMPTY_BODY = YES;
				CLANG_WARN_ENUM_CONVERSION = YES;
				CLANG_WARN_INFINITE_RECURSION = YES;
				CLANG_WARN_INT_CONVERSION = YES;
				CLANG_WARN_NON_LITERAL_NULL_CONVERSION = YES;
				CLANG_WARN_OBJC_IMPLICIT_RETAIN_SELF = YES;
				CLANG_WARN_OBJC_LITERAL_CONVERSION = YES;
				CLANG_WARN_OBJC_ROOT_CLASS = YES_ERROR;
				CLANG_WARN_QUOTED_INCLUDE_IN_FRAMEWORK_HEADER = YES;
				CLANG_WARN_RANGE_LOOP_ANALYSIS = YES;
				CLANG_WARN_STRICT_PROTOTYPES = YES;
				CLANG_WARN_SUSPICIOUS_MOVE = YES;
				CLANG_WARN_UNGUARDED_AVAILABILITY = YES_AGGRESSIVE;
				CLANG_WARN_UNREACHABLE_CODE = YES;
				CLANG_WARN__DUPLICATE_METHOD_MATCH = YES;
				COPY_PHASE_STRIP = NO;
				DEBUG_INFORMATION_FORMAT = dwarf;
				ENABLE_STRICT_OBJC_MSGSEND = YES;
				ENABLE_TESTABILITY = YES;
				GCC_C_LANGUAGE_STANDARD = gnu11;
				GCC_DYNAMIC_NO_PIC = NO;
				GCC_NO_COMMON_BLOCKS = YES;
				GCC_OPTIMIZATION_LEVEL = 0;
				GCC_PREPROCESSOR_DEFINITIONS = (
					"DEBUG=1",
					"$(inherited)",
				);
				GCC_WARN_64_TO_32_BIT_CONVERSION = YES;
				GCC_WARN_ABOUT_RETURN_TYPE = YES_ERROR;
				GCC_WARN_UNDECLARED_SELECTOR = YES;
				GCC_WARN_UNINITIALIZED_AUTOS = YES_AGGRESSIVE;
				GCC_WARN_UNUSED_FUNCTION = YES;
				GCC_WARN_UNUSED_VARIABLE = YES;
				IPHONEOS_DEPLOYMENT_TARGET = 15.5;
				MTL_ENABLE_DEBUG_INFO = INCLUDE_SOURCE;
				MTL_FAST_MATH = YES;
				ONLY_ACTIVE_ARCH = YES;
				SDKROOT = iphoneos;
				SWIFT_ACTIVE_COMPILATION_CONDITIONS = DEBUG;
				SWIFT_OPTIMIZATION_LEVEL = "-Onone";
			};
			name = Debug;
		};
		346E36202875F8710002EF81 /* Release */ = {
			isa = XCBuildConfiguration;
			buildSettings = {
				ALWAYS_SEARCH_USER_PATHS = NO;
				CLANG_ANALYZER_NONNULL = YES;
				CLANG_ANALYZER_NUMBER_OBJECT_CONVERSION = YES_AGGRESSIVE;
				CLANG_CXX_LANGUAGE_STANDARD = "gnu++17";
				CLANG_ENABLE_MODULES = YES;
				CLANG_ENABLE_OBJC_ARC = YES;
				CLANG_ENABLE_OBJC_WEAK = YES;
				CLANG_WARN_BLOCK_CAPTURE_AUTORELEASING = YES;
				CLANG_WARN_BOOL_CONVERSION = YES;
				CLANG_WARN_COMMA = YES;
				CLANG_WARN_CONSTANT_CONVERSION = YES;
				CLANG_WARN_DEPRECATED_OBJC_IMPLEMENTATIONS = YES;
				CLANG_WARN_DIRECT_OBJC_ISA_USAGE = YES_ERROR;
				CLANG_WARN_DOCUMENTATION_COMMENTS = YES;
				CLANG_WARN_EMPTY_BODY = YES;
				CLANG_WARN_ENUM_CONVERSION = YES;
				CLANG_WARN_INFINITE_RECURSION = YES;
				CLANG_WARN_INT_CONVERSION = YES;
				CLANG_WARN_NON_LITERAL_NULL_CONVERSION = YES;
				CLANG_WARN_OBJC_IMPLICIT_RETAIN_SELF = YES;
				CLANG_WARN_OBJC_LITERAL_CONVERSION = YES;
				CLANG_WARN_OBJC_ROOT_CLASS = YES_ERROR;
				CLANG_WARN_QUOTED_INCLUDE_IN_FRAMEWORK_HEADER = YES;
				CLANG_WARN_RANGE_LOOP_ANALYSIS = YES;
				CLANG_WARN_STRICT_PROTOTYPES = YES;
				CLANG_WARN_SUSPICIOUS_MOVE = YES;
				CLANG_WARN_UNGUARDED_AVAILABILITY = YES_AGGRESSIVE;
				CLANG_WARN_UNREACHABLE_CODE = YES;
				CLANG_WARN__DUPLICATE_METHOD_MATCH = YES;
				COPY_PHASE_STRIP = NO;
				DEBUG_INFORMATION_FORMAT = "dwarf-with-dsym";
				ENABLE_NS_ASSERTIONS = NO;
				ENABLE_STRICT_OBJC_MSGSEND = YES;
				GCC_C_LANGUAGE_STANDARD = gnu11;
				GCC_NO_COMMON_BLOCKS = YES;
				GCC_WARN_64_TO_32_BIT_CONVERSION = YES;
				GCC_WARN_ABOUT_RETURN_TYPE = YES_ERROR;
				GCC_WARN_UNDECLARED_SELECTOR = YES;
				GCC_WARN_UNINITIALIZED_AUTOS = YES_AGGRESSIVE;
				GCC_WARN_UNUSED_FUNCTION = YES;
				GCC_WARN_UNUSED_VARIABLE = YES;
				IPHONEOS_DEPLOYMENT_TARGET = 15.5;
				MTL_ENABLE_DEBUG_INFO = NO;
				MTL_FAST_MATH = YES;
				SDKROOT = iphoneos;
				SWIFT_COMPILATION_MODE = wholemodule;
				SWIFT_OPTIMIZATION_LEVEL = "-O";
				VALIDATE_PRODUCT = YES;
			};
			name = Release;
		};
		346E36222875F8710002EF81 /* Debug */ = {
			isa = XCBuildConfiguration;
			buildSettings = {
				ASSETCATALOG_COMPILER_APPICON_NAME = AppIcon;
				ASSETCATALOG_COMPILER_GLOBAL_ACCENT_COLOR_NAME = AccentColor;
				CODE_SIGN_STYLE = Automatic;
				CURRENT_PROJECT_VERSION = 1;
				DEVELOPMENT_ASSET_PATHS = "\"Pokedex/Preview Content\"";
				DEVELOPMENT_TEAM = 6478Y3WC5Q;
				ENABLE_PREVIEWS = YES;
				GENERATE_INFOPLIST_FILE = YES;
				INFOPLIST_FILE = Pokedex/Info.plist;
				INFOPLIST_KEY_UIApplicationSceneManifest_Generation = YES;
				INFOPLIST_KEY_UIApplicationSupportsIndirectInputEvents = YES;
				INFOPLIST_KEY_UILaunchScreen_Generation = YES;
				INFOPLIST_KEY_UISupportedInterfaceOrientations = UIInterfaceOrientationPortrait;
				INFOPLIST_KEY_UISupportedInterfaceOrientations_iPad = "UIInterfaceOrientationPortrait UIInterfaceOrientationPortraitUpsideDown UIInterfaceOrientationLandscapeLeft UIInterfaceOrientationLandscapeRight";
				INFOPLIST_KEY_UISupportedInterfaceOrientations_iPhone = "UIInterfaceOrientationPortrait UIInterfaceOrientationLandscapeLeft UIInterfaceOrientationLandscapeRight";
				LD_RUNPATH_SEARCH_PATHS = (
					"$(inherited)",
					"@executable_path/Frameworks",
				);
				MARKETING_VERSION = 1.0;
				PRODUCT_BUNDLE_IDENTIFIER = com.matthewlock.Pokedex;
				PRODUCT_NAME = "$(TARGET_NAME)";
				SWIFT_EMIT_LOC_STRINGS = YES;
				SWIFT_VERSION = 5.0;
				TARGETED_DEVICE_FAMILY = "1,2";
			};
			name = Debug;
		};
		346E36232875F8710002EF81 /* Release */ = {
			isa = XCBuildConfiguration;
			buildSettings = {
				ASSETCATALOG_COMPILER_APPICON_NAME = AppIcon;
				ASSETCATALOG_COMPILER_GLOBAL_ACCENT_COLOR_NAME = AccentColor;
				CODE_SIGN_STYLE = Automatic;
				CURRENT_PROJECT_VERSION = 1;
				DEVELOPMENT_ASSET_PATHS = "\"Pokedex/Preview Content\"";
				DEVELOPMENT_TEAM = 6478Y3WC5Q;
				ENABLE_PREVIEWS = YES;
				GENERATE_INFOPLIST_FILE = YES;
				INFOPLIST_FILE = Pokedex/Info.plist;
				INFOPLIST_KEY_UIApplicationSceneManifest_Generation = YES;
				INFOPLIST_KEY_UIApplicationSupportsIndirectInputEvents = YES;
				INFOPLIST_KEY_UILaunchScreen_Generation = YES;
				INFOPLIST_KEY_UISupportedInterfaceOrientations = UIInterfaceOrientationPortrait;
				INFOPLIST_KEY_UISupportedInterfaceOrientations_iPad = "UIInterfaceOrientationPortrait UIInterfaceOrientationPortraitUpsideDown UIInterfaceOrientationLandscapeLeft UIInterfaceOrientationLandscapeRight";
				INFOPLIST_KEY_UISupportedInterfaceOrientations_iPhone = "UIInterfaceOrientationPortrait UIInterfaceOrientationLandscapeLeft UIInterfaceOrientationLandscapeRight";
				LD_RUNPATH_SEARCH_PATHS = (
					"$(inherited)",
					"@executable_path/Frameworks",
				);
				MARKETING_VERSION = 1.0;
				PRODUCT_BUNDLE_IDENTIFIER = com.matthewlock.Pokedex;
				PRODUCT_NAME = "$(TARGET_NAME)";
				SWIFT_EMIT_LOC_STRINGS = YES;
				SWIFT_VERSION = 5.0;
				TARGETED_DEVICE_FAMILY = "1,2";
			};
			name = Release;
		};
		346E36252875F8710002EF81 /* Debug */ = {
			isa = XCBuildConfiguration;
			buildSettings = {
				ALWAYS_EMBED_SWIFT_STANDARD_LIBRARIES = YES;
				BUNDLE_LOADER = "$(TEST_HOST)";
				CODE_SIGN_STYLE = Automatic;
				CURRENT_PROJECT_VERSION = 1;
				DEVELOPMENT_TEAM = 6478Y3WC5Q;
				GENERATE_INFOPLIST_FILE = YES;
				IPHONEOS_DEPLOYMENT_TARGET = 15.5;
				MARKETING_VERSION = 1.0;
				PRODUCT_BUNDLE_IDENTIFIER = com.matthewlock.PokedexTests;
				PRODUCT_NAME = "$(TARGET_NAME)";
				SWIFT_EMIT_LOC_STRINGS = NO;
				SWIFT_VERSION = 5.0;
				TARGETED_DEVICE_FAMILY = "1,2";
				TEST_HOST = "$(BUILT_PRODUCTS_DIR)/Pokedex.app/Pokedex";
			};
			name = Debug;
		};
		346E36262875F8710002EF81 /* Release */ = {
			isa = XCBuildConfiguration;
			buildSettings = {
				ALWAYS_EMBED_SWIFT_STANDARD_LIBRARIES = YES;
				BUNDLE_LOADER = "$(TEST_HOST)";
				CODE_SIGN_STYLE = Automatic;
				CURRENT_PROJECT_VERSION = 1;
				DEVELOPMENT_TEAM = 6478Y3WC5Q;
				GENERATE_INFOPLIST_FILE = YES;
				IPHONEOS_DEPLOYMENT_TARGET = 15.5;
				MARKETING_VERSION = 1.0;
				PRODUCT_BUNDLE_IDENTIFIER = com.matthewlock.PokedexTests;
				PRODUCT_NAME = "$(TARGET_NAME)";
				SWIFT_EMIT_LOC_STRINGS = NO;
				SWIFT_VERSION = 5.0;
				TARGETED_DEVICE_FAMILY = "1,2";
				TEST_HOST = "$(BUILT_PRODUCTS_DIR)/Pokedex.app/Pokedex";
			};
			name = Release;
		};
		346E36282875F8710002EF81 /* Debug */ = {
			isa = XCBuildConfiguration;
			buildSettings = {
				ALWAYS_EMBED_SWIFT_STANDARD_LIBRARIES = YES;
				CODE_SIGN_STYLE = Automatic;
				CURRENT_PROJECT_VERSION = 1;
				DEVELOPMENT_TEAM = 6478Y3WC5Q;
				GENERATE_INFOPLIST_FILE = YES;
				MARKETING_VERSION = 1.0;
				PRODUCT_BUNDLE_IDENTIFIER = com.matthewlock.PokedexUITests;
				PRODUCT_NAME = "$(TARGET_NAME)";
				SWIFT_EMIT_LOC_STRINGS = NO;
				SWIFT_VERSION = 5.0;
				TARGETED_DEVICE_FAMILY = "1,2";
				TEST_TARGET_NAME = Pokedex;
			};
			name = Debug;
		};
		346E36292875F8710002EF81 /* Release */ = {
			isa = XCBuildConfiguration;
			buildSettings = {
				ALWAYS_EMBED_SWIFT_STANDARD_LIBRARIES = YES;
				CODE_SIGN_STYLE = Automatic;
				CURRENT_PROJECT_VERSION = 1;
				DEVELOPMENT_TEAM = 6478Y3WC5Q;
				GENERATE_INFOPLIST_FILE = YES;
				MARKETING_VERSION = 1.0;
				PRODUCT_BUNDLE_IDENTIFIER = com.matthewlock.PokedexUITests;
				PRODUCT_NAME = "$(TARGET_NAME)";
				SWIFT_EMIT_LOC_STRINGS = NO;
				SWIFT_VERSION = 5.0;
				TARGETED_DEVICE_FAMILY = "1,2";
				TEST_TARGET_NAME = Pokedex;
			};
			name = Release;
		};
/* End XCBuildConfiguration section */

/* Begin XCConfigurationList section */
		346E35F82875F86C0002EF81 /* Build configuration list for PBXProject "Pokedex" */ = {
			isa = XCConfigurationList;
			buildConfigurations = (
				346E361F2875F8710002EF81 /* Debug */,
				346E36202875F8710002EF81 /* Release */,
			);
			defaultConfigurationIsVisible = 0;
			defaultConfigurationName = Release;
		};
		346E36212875F8710002EF81 /* Build configuration list for PBXNativeTarget "Pokedex" */ = {
			isa = XCConfigurationList;
			buildConfigurations = (
				346E36222875F8710002EF81 /* Debug */,
				346E36232875F8710002EF81 /* Release */,
			);
			defaultConfigurationIsVisible = 0;
			defaultConfigurationName = Release;
		};
		346E36242875F8710002EF81 /* Build configuration list for PBXNativeTarget "PokedexTests" */ = {
			isa = XCConfigurationList;
			buildConfigurations = (
				346E36252875F8710002EF81 /* Debug */,
				346E36262875F8710002EF81 /* Release */,
			);
			defaultConfigurationIsVisible = 0;
			defaultConfigurationName = Release;
		};
		346E36272875F8710002EF81 /* Build configuration list for PBXNativeTarget "PokedexUITests" */ = {
			isa = XCConfigurationList;
			buildConfigurations = (
				346E36282875F8710002EF81 /* Debug */,
				346E36292875F8710002EF81 /* Release */,
			);
			defaultConfigurationIsVisible = 0;
			defaultConfigurationName = Release;
		};
/* End XCConfigurationList section */
	};
	rootObject = 346E35F52875F86C0002EF81 /* Project object */;
}
